
Microsoft Visual Studio Solution File, Format Version 12.00
# Visual Studio 15
VisualStudioVersion = 15.0.28307.168
MinimumVisualStudioVersion = 10.0.40219.1
Project("{FAE04EC0-301F-11D3-BF4B-00C04F79EFBC}") = "Task3", "Task3\Task3.csproj", "{B0842D75-61AA-4BF4-8172-55411CF86FFF}"
EndProject
Global
	GlobalSection(SolutionConfigurationPlatforms) = preSolution
		Debug|Any CPU = Debug|Any CPU
		Release|Any CPU = Release|Any CPU
	EndGlobalSection
	GlobalSection(ProjectConfigurationPlatforms) = postSolution
		{B0842D75-61AA-4BF4-8172-55411CF86FFF}.Debug|Any CPU.ActiveCfg = Debug|Any CPU
		{B0842D75-61AA-4BF4-8172-55411CF86FFF}.Debug|Any CPU.Build.0 = Debug|Any CPU
		{B0842D75-61AA-4BF4-8172-55411CF86FFF}.Release|Any CPU.ActiveCfg = Release|Any CPU
		{B0842D75-61AA-4BF4-8172-55411CF86FFF}.Release|Any CPU.Build.0 = Release|Any CPU
	EndGlobalSection
	GlobalSection(SolutionProperties) = preSolution
		HideSolutionNode = FALSE
	EndGlobalSection
	GlobalSection(ExtensibilityGlobals) = postSolution
		SolutionGuid = {CE3B6DCE-972A-437E-92E7-DF663201FF2C}
	EndGlobalSection
EndGlobal
