
Microsoft Visual Studio Solution File, Format Version 12.00
# Visual Studio 15
VisualStudioVersion = 15.0.28307.168
MinimumVisualStudioVersion = 10.0.40219.1
Project("{FAE04EC0-301F-11D3-BF4B-00C04F79EFBC}") = "Task1", "Task1\Task1.csproj", "{A15ACF72-5122-4850-81ED-405C1132C82E}"
EndProject
Project("{FAE04EC0-301F-11D3-BF4B-00C04F79EFBC}") = "Task1Tests1", "Task1Tests1\Task1Tests1.csproj", "{5F36181E-DAE3-489C-85F0-AFD291CECD86}"
EndProject
Global
	GlobalSection(SolutionConfigurationPlatforms) = preSolution
		Debug|Any CPU = Debug|Any CPU
		Debug|ARM = Debug|ARM
		Debug|ARM64 = Debug|ARM64
		Debug|x64 = Debug|x64
		Debug|x86 = Debug|x86
		Release|Any CPU = Release|Any CPU
		Release|ARM = Release|ARM
		Release|ARM64 = Release|ARM64
		Release|x64 = Release|x64
		Release|x86 = Release|x86
	EndGlobalSection
	GlobalSection(ProjectConfigurationPlatforms) = postSolution
		{A15ACF72-5122-4850-81ED-405C1132C82E}.Debug|Any CPU.ActiveCfg = Debug|Any CPU
		{A15ACF72-5122-4850-81ED-405C1132C82E}.Debug|Any CPU.Build.0 = Debug|Any CPU
		{A15ACF72-5122-4850-81ED-405C1132C82E}.Debug|ARM.ActiveCfg = Debug|Any CPU
		{A15ACF72-5122-4850-81ED-405C1132C82E}.Debug|ARM.Build.0 = Debug|Any CPU
		{A15ACF72-5122-4850-81ED-405C1132C82E}.Debug|ARM64.ActiveCfg = Debug|Any CPU
		{A15ACF72-5122-4850-81ED-405C1132C82E}.Debug|ARM64.Build.0 = Debug|Any CPU
		{A15ACF72-5122-4850-81ED-405C1132C82E}.Debug|x64.ActiveCfg = Debug|Any CPU
		{A15ACF72-5122-4850-81ED-405C1132C82E}.Debug|x64.Build.0 = Debug|Any CPU
		{A15ACF72-5122-4850-81ED-405C1132C82E}.Debug|x86.ActiveCfg = Debug|Any CPU
		{A15ACF72-5122-4850-81ED-405C1132C82E}.Debug|x86.Build.0 = Debug|Any CPU
		{A15ACF72-5122-4850-81ED-405C1132C82E}.Release|Any CPU.ActiveCfg = Release|Any CPU
		{A15ACF72-5122-4850-81ED-405C1132C82E}.Release|Any CPU.Build.0 = Release|Any CPU
		{A15ACF72-5122-4850-81ED-405C1132C82E}.Release|ARM.ActiveCfg = Release|Any CPU
		{A15ACF72-5122-4850-81ED-405C1132C82E}.Release|ARM.Build.0 = Release|Any CPU
		{A15ACF72-5122-4850-81ED-405C1132C82E}.Release|ARM64.ActiveCfg = Release|Any CPU
		{A15ACF72-5122-4850-81ED-405C1132C82E}.Release|ARM64.Build.0 = Release|Any CPU
		{A15ACF72-5122-4850-81ED-405C1132C82E}.Release|x64.ActiveCfg = Release|Any CPU
		{A15ACF72-5122-4850-81ED-405C1132C82E}.Release|x64.Build.0 = Release|Any CPU
		{A15ACF72-5122-4850-81ED-405C1132C82E}.Release|x86.ActiveCfg = Release|Any CPU
		{A15ACF72-5122-4850-81ED-405C1132C82E}.Release|x86.Build.0 = Release|Any CPU
		{5F36181E-DAE3-489C-85F0-AFD291CECD86}.Debug|Any CPU.ActiveCfg = Debug|Any CPU
		{5F36181E-DAE3-489C-85F0-AFD291CECD86}.Debug|Any CPU.Build.0 = Debug|Any CPU
		{5F36181E-DAE3-489C-85F0-AFD291CECD86}.Debug|ARM.ActiveCfg = Debug|Any CPU
		{5F36181E-DAE3-489C-85F0-AFD291CECD86}.Debug|ARM.Build.0 = Debug|Any CPU
		{5F36181E-DAE3-489C-85F0-AFD291CECD86}.Debug|ARM64.ActiveCfg = Debug|Any CPU
		{5F36181E-DAE3-489C-85F0-AFD291CECD86}.Debug|ARM64.Build.0 = Debug|Any CPU
		{5F36181E-DAE3-489C-85F0-AFD291CECD86}.Debug|x64.ActiveCfg = Debug|Any CPU
		{5F36181E-DAE3-489C-85F0-AFD291CECD86}.Debug|x64.Build.0 = Debug|Any CPU
		{5F36181E-DAE3-489C-85F0-AFD291CECD86}.Debug|x86.ActiveCfg = Debug|Any CPU
		{5F36181E-DAE3-489C-85F0-AFD291CECD86}.Debug|x86.Build.0 = Debug|Any CPU
		{5F36181E-DAE3-489C-85F0-AFD291CECD86}.Release|Any CPU.ActiveCfg = Release|Any CPU
		{5F36181E-DAE3-489C-85F0-AFD291CECD86}.Release|Any CPU.Build.0 = Release|Any CPU
		{5F36181E-DAE3-489C-85F0-AFD291CECD86}.Release|ARM.ActiveCfg = Release|Any CPU
		{5F36181E-DAE3-489C-85F0-AFD291CECD86}.Release|ARM.Build.0 = Release|Any CPU
		{5F36181E-DAE3-489C-85F0-AFD291CECD86}.Release|ARM64.ActiveCfg = Release|Any CPU
		{5F36181E-DAE3-489C-85F0-AFD291CECD86}.Release|ARM64.Build.0 = Release|Any CPU
		{5F36181E-DAE3-489C-85F0-AFD291CECD86}.Release|x64.ActiveCfg = Release|Any CPU
		{5F36181E-DAE3-489C-85F0-AFD291CECD86}.Release|x64.Build.0 = Release|Any CPU
		{5F36181E-DAE3-489C-85F0-AFD291CECD86}.Release|x86.ActiveCfg = Release|Any CPU
		{5F36181E-DAE3-489C-85F0-AFD291CECD86}.Release|x86.Build.0 = Release|Any CPU
	EndGlobalSection
	GlobalSection(SolutionProperties) = preSolution
		HideSolutionNode = FALSE
	EndGlobalSection
	GlobalSection(ExtensibilityGlobals) = postSolution
		SolutionGuid = {F671F62F-3C49-4E84-8CEC-5CB776C1148F}
	EndGlobalSection
EndGlobal
